
Microsoft Visual Studio Solution File, Format Version 12.00
# Visual Studio Version 17
VisualStudioVersion = 17.14.36414.22
MinimumVisualStudioVersion = 10.0.40219.1
Project("{FAE04EC0-301F-11D3-BF4B-00C04F79EFBC}") = "Animales", "Animales\Animales.csproj", "{BBE7D930-660F-42C5-A775-8E58282B6391}"
EndProject
Project("{FAE04EC0-301F-11D3-BF4B-00C04F79EFBC}") = "NetFrameworkConsole", "NetFrameworkConsole\NetFrameworkConsole.csproj", "{4F343F79-A3A0-4006-B17A-FBE55C7030F6}"
EndProject
Project("{FAE04EC0-301F-11D3-BF4B-00C04F79EFBC}") = "NetCoreConsole", "NetCoreConsole\NetCoreConsole.csproj", "{EE149EB0-142B-48FA-9713-A0BC5C6D3416}"
EndProject
Project("{FAE04EC0-301F-11D3-BF4B-00C04F79EFBC}") = "BackOffice", "BackOffice\BackOffice.csproj", "{040C6285-AB9F-4447-A729-8900031B2508}"
EndProject
Project("{2150E333-8FDC-42A3-9474-1A3956D46DE8}") = "LogicaNegocio", "LogicaNegocio", "{02EA681E-C7D8-13C7-8484-4AC65E1B71E8}"
EndProject
Project("{2150E333-8FDC-42A3-9474-1A3956D46DE8}") = "EntidadesComunes", "EntidadesComunes", "{653FCC4F-A74F-4BFD-9154-1DB7A071F1CF}"
EndProject
Project("{FAE04EC0-301F-11D3-BF4B-00C04F79EFBC}") = "AuthenicationLogic", "AuthenicationLogic\AuthenicationLogic.csproj", "{ACB5DDAE-B4A4-4919-B3A4-ABA5B4FFF105}"
EndProject
Project("{FAE04EC0-301F-11D3-BF4B-00C04F79EFBC}") = "CommonEntities", "CommonEntities\CommonEntities.csproj", "{8D9D32ED-9784-4379-B8B8-DB177E87F165}"
EndProject
Project("{FAE04EC0-301F-11D3-BF4B-00C04F79EFBC}") = "FileAccess", "FileAccess\FileAccess.csproj", "{86F68CD0-2684-42C1-A34B-DBDD084807DB}"
EndProject
Project("{FAE04EC0-301F-11D3-BF4B-00C04F79EFBC}") = "CommonEntitiesNetF", "CommonEntitiesNetF\CommonEntitiesNetF.csproj", "{C2E5A0BE-2D22-4629-B3AF-306EE9665043}"
EndProject
Project("{FAE04EC0-301F-11D3-BF4B-00C04F79EFBC}") = "FileManagerNerF", "FileManagerNerF\FileManagerNerF.csproj", "{F49245CD-4989-4694-89C2-B3AD0CA5BE8D}"
EndProject
Project("{FAE04EC0-301F-11D3-BF4B-00C04F79EFBC}") = "WebApi", "WebApi\WebApi.csproj", "{A4D9C80C-E4AE-4878-B29C-6A72C5A3D5A1}"
EndProject
Project("{00D1A9C2-B5F0-4AF3-8072-F6C62B433612}") = "Pruebita", "Pruebita\Pruebita.sqlproj", "{F391A397-A8AC-46A0-87A0-732DD1F0B7C9}"
EndProject
Project("{FAE04EC0-301F-11D3-BF4B-00C04F79EFBC}") = "MvcWebApplication", "MvcWebApplication\MvcWebApplication.csproj", "{6A668B72-B847-466F-9B67-38A0E1014909}"
EndProject
Global
	GlobalSection(SolutionConfigurationPlatforms) = preSolution
		Debug|Any CPU = Debug|Any CPU
		Release|Any CPU = Release|Any CPU
	EndGlobalSection
	GlobalSection(ProjectConfigurationPlatforms) = postSolution
		{BBE7D930-660F-42C5-A775-8E58282B6391}.Debug|Any CPU.ActiveCfg = Debug|Any CPU
		{BBE7D930-660F-42C5-A775-8E58282B6391}.Debug|Any CPU.Build.0 = Debug|Any CPU
		{BBE7D930-660F-42C5-A775-8E58282B6391}.Release|Any CPU.ActiveCfg = Release|Any CPU
		{BBE7D930-660F-42C5-A775-8E58282B6391}.Release|Any CPU.Build.0 = Release|Any CPU
		{4F343F79-A3A0-4006-B17A-FBE55C7030F6}.Debug|Any CPU.ActiveCfg = Debug|Any CPU
		{4F343F79-A3A0-4006-B17A-FBE55C7030F6}.Debug|Any CPU.Build.0 = Debug|Any CPU
		{4F343F79-A3A0-4006-B17A-FBE55C7030F6}.Release|Any CPU.ActiveCfg = Release|Any CPU
		{4F343F79-A3A0-4006-B17A-FBE55C7030F6}.Release|Any CPU.Build.0 = Release|Any CPU
		{EE149EB0-142B-48FA-9713-A0BC5C6D3416}.Debug|Any CPU.ActiveCfg = Debug|Any CPU
		{EE149EB0-142B-48FA-9713-A0BC5C6D3416}.Debug|Any CPU.Build.0 = Debug|Any CPU
		{EE149EB0-142B-48FA-9713-A0BC5C6D3416}.Release|Any CPU.ActiveCfg = Release|Any CPU
		{EE149EB0-142B-48FA-9713-A0BC5C6D3416}.Release|Any CPU.Build.0 = Release|Any CPU
		{040C6285-AB9F-4447-A729-8900031B2508}.Debug|Any CPU.ActiveCfg = Debug|Any CPU
		{040C6285-AB9F-4447-A729-8900031B2508}.Debug|Any CPU.Build.0 = Debug|Any CPU
		{040C6285-AB9F-4447-A729-8900031B2508}.Release|Any CPU.ActiveCfg = Release|Any CPU
		{040C6285-AB9F-4447-A729-8900031B2508}.Release|Any CPU.Build.0 = Release|Any CPU
		{ACB5DDAE-B4A4-4919-B3A4-ABA5B4FFF105}.Debug|Any CPU.ActiveCfg = Debug|Any CPU
		{ACB5DDAE-B4A4-4919-B3A4-ABA5B4FFF105}.Debug|Any CPU.Build.0 = Debug|Any CPU
		{ACB5DDAE-B4A4-4919-B3A4-ABA5B4FFF105}.Release|Any CPU.ActiveCfg = Release|Any CPU
		{ACB5DDAE-B4A4-4919-B3A4-ABA5B4FFF105}.Release|Any CPU.Build.0 = Release|Any CPU
		{8D9D32ED-9784-4379-B8B8-DB177E87F165}.Debug|Any CPU.ActiveCfg = Debug|Any CPU
		{8D9D32ED-9784-4379-B8B8-DB177E87F165}.Debug|Any CPU.Build.0 = Debug|Any CPU
		{8D9D32ED-9784-4379-B8B8-DB177E87F165}.Release|Any CPU.ActiveCfg = Release|Any CPU
		{8D9D32ED-9784-4379-B8B8-DB177E87F165}.Release|Any CPU.Build.0 = Release|Any CPU
		{86F68CD0-2684-42C1-A34B-DBDD084807DB}.Debug|Any CPU.ActiveCfg = Debug|Any CPU
		{86F68CD0-2684-42C1-A34B-DBDD084807DB}.Debug|Any CPU.Build.0 = Debug|Any CPU
		{86F68CD0-2684-42C1-A34B-DBDD084807DB}.Release|Any CPU.ActiveCfg = Release|Any CPU
		{86F68CD0-2684-42C1-A34B-DBDD084807DB}.Release|Any CPU.Build.0 = Release|Any CPU
		{C2E5A0BE-2D22-4629-B3AF-306EE9665043}.Debug|Any CPU.ActiveCfg = Debug|Any CPU
		{C2E5A0BE-2D22-4629-B3AF-306EE9665043}.Debug|Any CPU.Build.0 = Debug|Any CPU
		{C2E5A0BE-2D22-4629-B3AF-306EE9665043}.Release|Any CPU.ActiveCfg = Release|Any CPU
		{C2E5A0BE-2D22-4629-B3AF-306EE9665043}.Release|Any CPU.Build.0 = Release|Any CPU
		{F49245CD-4989-4694-89C2-B3AD0CA5BE8D}.Debug|Any CPU.ActiveCfg = Debug|Any CPU
		{F49245CD-4989-4694-89C2-B3AD0CA5BE8D}.Debug|Any CPU.Build.0 = Debug|Any CPU
		{F49245CD-4989-4694-89C2-B3AD0CA5BE8D}.Release|Any CPU.ActiveCfg = Release|Any CPU
		{F49245CD-4989-4694-89C2-B3AD0CA5BE8D}.Release|Any CPU.Build.0 = Release|Any CPU
		{A4D9C80C-E4AE-4878-B29C-6A72C5A3D5A1}.Debug|Any CPU.ActiveCfg = Debug|Any CPU
		{A4D9C80C-E4AE-4878-B29C-6A72C5A3D5A1}.Debug|Any CPU.Build.0 = Debug|Any CPU
		{A4D9C80C-E4AE-4878-B29C-6A72C5A3D5A1}.Release|Any CPU.ActiveCfg = Release|Any CPU
		{A4D9C80C-E4AE-4878-B29C-6A72C5A3D5A1}.Release|Any CPU.Build.0 = Release|Any CPU
		{F391A397-A8AC-46A0-87A0-732DD1F0B7C9}.Debug|Any CPU.ActiveCfg = Debug|Any CPU
		{F391A397-A8AC-46A0-87A0-732DD1F0B7C9}.Debug|Any CPU.Build.0 = Debug|Any CPU
		{F391A397-A8AC-46A0-87A0-732DD1F0B7C9}.Debug|Any CPU.Deploy.0 = Debug|Any CPU
		{F391A397-A8AC-46A0-87A0-732DD1F0B7C9}.Release|Any CPU.ActiveCfg = Release|Any CPU
		{F391A397-A8AC-46A0-87A0-732DD1F0B7C9}.Release|Any CPU.Build.0 = Release|Any CPU
		{F391A397-A8AC-46A0-87A0-732DD1F0B7C9}.Release|Any CPU.Deploy.0 = Release|Any CPU
		{6A668B72-B847-466F-9B67-38A0E1014909}.Debug|Any CPU.ActiveCfg = Debug|Any CPU
		{6A668B72-B847-466F-9B67-38A0E1014909}.Debug|Any CPU.Build.0 = Debug|Any CPU
		{6A668B72-B847-466F-9B67-38A0E1014909}.Release|Any CPU.ActiveCfg = Release|Any CPU
		{6A668B72-B847-466F-9B67-38A0E1014909}.Release|Any CPU.Build.0 = Release|Any CPU
	EndGlobalSection
	GlobalSection(SolutionProperties) = preSolution
		HideSolutionNode = FALSE
	EndGlobalSection
	GlobalSection(NestedProjects) = preSolution
		{ACB5DDAE-B4A4-4919-B3A4-ABA5B4FFF105} = {02EA681E-C7D8-13C7-8484-4AC65E1B71E8}
		{8D9D32ED-9784-4379-B8B8-DB177E87F165} = {653FCC4F-A74F-4BFD-9154-1DB7A071F1CF}
		{86F68CD0-2684-42C1-A34B-DBDD084807DB} = {02EA681E-C7D8-13C7-8484-4AC65E1B71E8}
		{C2E5A0BE-2D22-4629-B3AF-306EE9665043} = {653FCC4F-A74F-4BFD-9154-1DB7A071F1CF}
		{F49245CD-4989-4694-89C2-B3AD0CA5BE8D} = {02EA681E-C7D8-13C7-8484-4AC65E1B71E8}
	EndGlobalSection
	GlobalSection(ExtensibilityGlobals) = postSolution
		SolutionGuid = {0119B33E-E8D5-464D-817C-C66B0551ACDF}
	EndGlobalSection
EndGlobal
